// !$*UTF8*$!
{
	archiveVersion = 1;
	classes = {
	};
	objectVersion = 51;
	objects = {

/* Begin PBXBuildFile section */
		423D266524EEC040003F2BBE /* RatingControl.swift in Sources */ = {isa = PBXBuildFile; fileRef = 423D266424EEC040003F2BBE /* RatingControl.swift */; };
		4251F60524E5846700B94CB8 /* StorageManager.swift in Sources */ = {isa = PBXBuildFile; fileRef = 4251F60424E5846700B94CB8 /* StorageManager.swift */; };
		4263242324E2FE420003B223 /* PlaceModel.swift in Sources */ = {isa = PBXBuildFile; fileRef = 4263242224E2FE420003B223 /* PlaceModel.swift */; };
		4263242524E315370003B223 /* AddPlaceViewController.swift in Sources */ = {isa = PBXBuildFile; fileRef = 4263242424E315370003B223 /* AddPlaceViewController.swift */; };
		42AD08BF24DC3B630054494E /* Main.storyboard in Resources */ = {isa = PBXBuildFile; fileRef = 42AD08BD24DC3B630054494E /* Main.storyboard */; };
		42AD08C124DC3B640054494E /* Assets.xcassets in Resources */ = {isa = PBXBuildFile; fileRef = 42AD08C024DC3B640054494E /* Assets.xcassets */; };
		42AD08C424DC3B640054494E /* LaunchScreen.storyboard in Resources */ = {isa = PBXBuildFile; fileRef = 42AD08C224DC3B640054494E /* LaunchScreen.storyboard */; };
		42AD08CC24DC51730054494E /* MainViewController.swift in Sources */ = {isa = PBXBuildFile; fileRef = 42AD08CB24DC51730054494E /* MainViewController.swift */; };
		42AD08CE24DD37750054494E /* MainTableViewCell.swift in Sources */ = {isa = PBXBuildFile; fileRef = 42AD08CD24DD37750054494E /* MainTableViewCell.swift */; };
		42B3EFE42501039600087A69 /* BaseHelper.swift in Sources */ = {isa = PBXBuildFile; fileRef = 42B3EFE32501039600087A69 /* BaseHelper.swift */; };
		42B41171250401CF009A8A91 /* AppDelegate.swift in Sources */ = {isa = PBXBuildFile; fileRef = 42B41170250401CF009A8A91 /* AppDelegate.swift */; };
		42B411742504036B009A8A91 /* SceneDelegate.swift in Sources */ = {isa = PBXBuildFile; fileRef = 42B411732504036B009A8A91 /* SceneDelegate.swift */; };
		42C18D6A24FAC69C00D10290 /* MapViewController.swift in Sources */ = {isa = PBXBuildFile; fileRef = 42C18D6924FAC69C00D10290 /* MapViewController.swift */; };
		496E5730357A4487584C2063 /* Pods_FavouritePlaces.framework in Frameworks */ = {isa = PBXBuildFile; fileRef = C6B7DD2EB3006136449468F6 /* Pods_FavouritePlaces.framework */; };
/* End PBXBuildFile section */

/* Begin PBXFileReference section */
		102F87A66C4C7EEF612C9BB2 /* Pods-FavouritePlaces.debug.xcconfig */ = {isa = PBXFileReference; includeInIndex = 1; lastKnownFileType = text.xcconfig; name = "Pods-FavouritePlaces.debug.xcconfig"; path = "Target Support Files/Pods-FavouritePlaces/Pods-FavouritePlaces.debug.xcconfig"; sourceTree = "<group>"; };
		423D266424EEC040003F2BBE /* RatingControl.swift */ = {isa = PBXFileReference; lastKnownFileType = sourcecode.swift; path = RatingControl.swift; sourceTree = "<group>"; };
		4251F60424E5846700B94CB8 /* StorageManager.swift */ = {isa = PBXFileReference; lastKnownFileType = sourcecode.swift; path = StorageManager.swift; sourceTree = "<group>"; };
		4263242224E2FE420003B223 /* PlaceModel.swift */ = {isa = PBXFileReference; lastKnownFileType = sourcecode.swift; path = PlaceModel.swift; sourceTree = "<group>"; };
		4263242424E315370003B223 /* AddPlaceViewController.swift */ = {isa = PBXFileReference; lastKnownFileType = sourcecode.swift; path = AddPlaceViewController.swift; sourceTree = "<group>"; };
		42AD08B424DC3B620054494E /* FavouritePlaces.app */ = {isa = PBXFileReference; explicitFileType = wrapper.application; includeInIndex = 0; path = FavouritePlaces.app; sourceTree = BUILT_PRODUCTS_DIR; };
		42AD08BE24DC3B630054494E /* Base */ = {isa = PBXFileReference; lastKnownFileType = file.storyboard; name = Base; path = Base.lproj/Main.storyboard; sourceTree = "<group>"; };
		42AD08C024DC3B640054494E /* Assets.xcassets */ = {isa = PBXFileReference; lastKnownFileType = folder.assetcatalog; path = Assets.xcassets; sourceTree = "<group>"; };
		42AD08C324DC3B640054494E /* Base */ = {isa = PBXFileReference; lastKnownFileType = file.storyboard; name = Base; path = Base.lproj/LaunchScreen.storyboard; sourceTree = "<group>"; };
		42AD08C524DC3B640054494E /* Info.plist */ = {isa = PBXFileReference; lastKnownFileType = text.plist.xml; path = Info.plist; sourceTree = "<group>"; };
		42AD08CB24DC51730054494E /* MainViewController.swift */ = {isa = PBXFileReference; lastKnownFileType = sourcecode.swift; path = MainViewController.swift; sourceTree = "<group>"; };
		42AD08CD24DD37750054494E /* MainTableViewCell.swift */ = {isa = PBXFileReference; lastKnownFileType = sourcecode.swift; path = MainTableViewCell.swift; sourceTree = "<group>"; };
		42B3EFE32501039600087A69 /* BaseHelper.swift */ = {isa = PBXFileReference; lastKnownFileType = sourcecode.swift; path = BaseHelper.swift; sourceTree = "<group>"; };
		42B41170250401CF009A8A91 /* AppDelegate.swift */ = {isa = PBXFileReference; lastKnownFileType = sourcecode.swift; path = AppDelegate.swift; sourceTree = "<group>"; };
		42B411732504036B009A8A91 /* SceneDelegate.swift */ = {isa = PBXFileReference; lastKnownFileType = sourcecode.swift; path = SceneDelegate.swift; sourceTree = "<group>"; };
		42C18D6924FAC69C00D10290 /* MapViewController.swift */ = {isa = PBXFileReference; lastKnownFileType = sourcecode.swift; path = MapViewController.swift; sourceTree = "<group>"; };
		C6B7DD2EB3006136449468F6 /* Pods_FavouritePlaces.framework */ = {isa = PBXFileReference; explicitFileType = wrapper.framework; includeInIndex = 0; path = Pods_FavouritePlaces.framework; sourceTree = BUILT_PRODUCTS_DIR; };
		E2541285A2F20E848AE785A7 /* Pods-FavouritePlaces.release.xcconfig */ = {isa = PBXFileReference; includeInIndex = 1; lastKnownFileType = text.xcconfig; name = "Pods-FavouritePlaces.release.xcconfig"; path = "Target Support Files/Pods-FavouritePlaces/Pods-FavouritePlaces.release.xcconfig"; sourceTree = "<group>"; };
/* End PBXFileReference section */

/* Begin PBXFrameworksBuildPhase section */
		42AD08B124DC3B620054494E /* Frameworks */ = {
			isa = PBXFrameworksBuildPhase;
			buildActionMask = 2147483647;
			files = (
				496E5730357A4487584C2063 /* Pods_FavouritePlaces.framework in Frameworks */,
			);
			runOnlyForDeploymentPostprocessing = 0;
		};
/* End PBXFrameworksBuildPhase section */

/* Begin PBXGroup section */
		29E5DC6352AD02F6752E92BA /* Pods */ = {
			isa = PBXGroup;
			children = (
				102F87A66C4C7EEF612C9BB2 /* Pods-FavouritePlaces.debug.xcconfig */,
				E2541285A2F20E848AE785A7 /* Pods-FavouritePlaces.release.xcconfig */,
			);
			path = Pods;
			sourceTree = "<group>";
		};
		42AD08AB24DC3B620054494E = {
			isa = PBXGroup;
			children = (
				42AD08B624DC3B620054494E /* FavouritePlaces */,
				42AD08B524DC3B620054494E /* Products */,
				29E5DC6352AD02F6752E92BA /* Pods */,
				F7591B8AD954ECAF1B581618 /* Frameworks */,
			);
			sourceTree = "<group>";
		};
		42AD08B524DC3B620054494E /* Products */ = {
			isa = PBXGroup;
			children = (
				42AD08B424DC3B620054494E /* FavouritePlaces.app */,
			);
			name = Products;
			sourceTree = "<group>";
		};
		42AD08B624DC3B620054494E /* FavouritePlaces */ = {
			isa = PBXGroup;
			children = (
				42B3EFDE2500F81F00087A69 /* Controller */,
				42B3EFDF2500F84500087A69 /* View */,
				42B3EFE02500F86500087A69 /* Model */,
				42AD08C024DC3B640054494E /* Assets.xcassets */,
				42AD08C524DC3B640054494E /* Info.plist */,
			);
			path = FavouritePlaces;
			sourceTree = "<group>";
		};
		42B3EFDE2500F81F00087A69 /* Controller */ = {
			isa = PBXGroup;
			children = (
				42B3EFE72501133200087A69 /* Helper */,
				42B41170250401CF009A8A91 /* AppDelegate.swift */,
				42B411732504036B009A8A91 /* SceneDelegate.swift */,
				42AD08CB24DC51730054494E /* MainViewController.swift */,
				4263242424E315370003B223 /* AddPlaceViewController.swift */,
				42C18D6924FAC69C00D10290 /* MapViewController.swift */,
			);
			path = Controller;
			sourceTree = "<group>";
		};
		42B3EFDF2500F84500087A69 /* View */ = {
			isa = PBXGroup;
			children = (
				42AD08CD24DD37750054494E /* MainTableViewCell.swift */,
				423D266424EEC040003F2BBE /* RatingControl.swift */,
				42AD08BD24DC3B630054494E /* Main.storyboard */,
				42AD08C224DC3B640054494E /* LaunchScreen.storyboard */,
			);
			path = View;
			sourceTree = "<group>";
		};
		42B3EFE02500F86500087A69 /* Model */ = {
			isa = PBXGroup;
			children = (
				4263242224E2FE420003B223 /* PlaceModel.swift */,
				4251F60424E5846700B94CB8 /* StorageManager.swift */,
			);
			path = Model;
			sourceTree = "<group>";
		};
		42B3EFE72501133200087A69 /* Helper */ = {
			isa = PBXGroup;
			children = (
				42B3EFE32501039600087A69 /* BaseHelper.swift */,
			);
			path = Helper;
			sourceTree = "<group>";
		};
		F7591B8AD954ECAF1B581618 /* Frameworks */ = {
			isa = PBXGroup;
			children = (
				C6B7DD2EB3006136449468F6 /* Pods_FavouritePlaces.framework */,
			);
			name = Frameworks;
			sourceTree = "<group>";
		};
/* End PBXGroup section */

/* Begin PBXNativeTarget section */
		42AD08B324DC3B620054494E /* FavouritePlaces */ = {
			isa = PBXNativeTarget;
			buildConfigurationList = 42AD08C824DC3B640054494E /* Build configuration list for PBXNativeTarget "FavouritePlaces" */;
			buildPhases = (
				643E0062AA3CBF3DA45A6241 /* [CP] Check Pods Manifest.lock */,
				42AD08B024DC3B620054494E /* Sources */,
				42AD08B124DC3B620054494E /* Frameworks */,
				42AD08B224DC3B620054494E /* Resources */,
				3E6CE78B59589F0E51955A67 /* [CP] Embed Pods Frameworks */,
				4298D15B24EFEF2D00AF9398 /* SwiftFormat */,
			);
			buildRules = (
			);
			dependencies = (
			);
			name = FavouritePlaces;
			productName = FavouritePlaces;
			productReference = 42AD08B424DC3B620054494E /* FavouritePlaces.app */;
			productType = "com.apple.product-type.application";
		};
/* End PBXNativeTarget section */

/* Begin PBXProject section */
		42AD08AC24DC3B620054494E /* Project object */ = {
			isa = PBXProject;
			attributes = {
				LastSwiftUpdateCheck = 1160;
				LastUpgradeCheck = 1160;
				ORGANIZATIONNAME = "Kostarev Kirill Pavlovich";
				TargetAttributes = {
					42AD08B324DC3B620054494E = {
						CreatedOnToolsVersion = 11.6;
					};
				};
			};
			buildConfigurationList = 42AD08AF24DC3B620054494E /* Build configuration list for PBXProject "FavouritePlaces" */;
			compatibilityVersion = "Xcode 9.3";
			developmentRegion = en;
			hasScannedForEncodings = 0;
			knownRegions = (
				en,
				Base,
			);
			mainGroup = 42AD08AB24DC3B620054494E;
			productRefGroup = 42AD08B524DC3B620054494E /* Products */;
			projectDirPath = "";
			projectRoot = "";
			targets = (
				42AD08B324DC3B620054494E /* FavouritePlaces */,
			);
		};
/* End PBXProject section */

/* Begin PBXResourcesBuildPhase section */
		42AD08B224DC3B620054494E /* Resources */ = {
			isa = PBXResourcesBuildPhase;
			buildActionMask = 2147483647;
			files = (
				42AD08C424DC3B640054494E /* LaunchScreen.storyboard in Resources */,
				42AD08C124DC3B640054494E /* Assets.xcassets in Resources */,
				42AD08BF24DC3B630054494E /* Main.storyboard in Resources */,
			);
			runOnlyForDeploymentPostprocessing = 0;
		};
/* End PBXResourcesBuildPhase section */

/* Begin PBXShellScriptBuildPhase section */
		3E6CE78B59589F0E51955A67 /* [CP] Embed Pods Frameworks */ = {
			isa = PBXShellScriptBuildPhase;
			buildActionMask = 2147483647;
			files = (
			);
			inputFileListPaths = (
				"${PODS_ROOT}/Target Support Files/Pods-FavouritePlaces/Pods-FavouritePlaces-frameworks-${CONFIGURATION}-input-files.xcfilelist",
			);
			name = "[CP] Embed Pods Frameworks";
			outputFileListPaths = (
				"${PODS_ROOT}/Target Support Files/Pods-FavouritePlaces/Pods-FavouritePlaces-frameworks-${CONFIGURATION}-output-files.xcfilelist",
			);
			runOnlyForDeploymentPostprocessing = 0;
			shellPath = /bin/sh;
			shellScript = "\"${PODS_ROOT}/Target Support Files/Pods-FavouritePlaces/Pods-FavouritePlaces-frameworks.sh\"\n";
			showEnvVarsInLog = 0;
		};
		4298D15B24EFEF2D00AF9398 /* SwiftFormat */ = {
			isa = PBXShellScriptBuildPhase;
			buildActionMask = 2147483647;
			files = (
			);
			inputFileListPaths = (
			);
			inputPaths = (
			);
			name = SwiftFormat;
			outputFileListPaths = (
			);
			outputPaths = (
			);
			runOnlyForDeploymentPostprocessing = 0;
			shellPath = /bin/sh;
			shellScript = "if which swiftformat >/dev/null; then\n  swiftformat .\nelse\n  echo \"warning: SwiftFormat not installed, download from https://github.com/nicklockwood/SwiftFormat\"\nfi\n";
		};
		643E0062AA3CBF3DA45A6241 /* [CP] Check Pods Manifest.lock */ = {
			isa = PBXShellScriptBuildPhase;
			buildActionMask = 2147483647;
			files = (
			);
			inputFileListPaths = (
			);
			inputPaths = (
				"${PODS_PODFILE_DIR_PATH}/Podfile.lock",
				"${PODS_ROOT}/Manifest.lock",
			);
			name = "[CP] Check Pods Manifest.lock";
			outputFileListPaths = (
			);
			outputPaths = (
				"$(DERIVED_FILE_DIR)/Pods-FavouritePlaces-checkManifestLockResult.txt",
			);
			runOnlyForDeploymentPostprocessing = 0;
			shellPath = /bin/sh;
			shellScript = "diff \"${PODS_PODFILE_DIR_PATH}/Podfile.lock\" \"${PODS_ROOT}/Manifest.lock\" > /dev/null\nif [ $? != 0 ] ; then\n    # print error to STDERR\n    echo \"error: The sandbox is not in sync with the Podfile.lock. Run 'pod install' or update your CocoaPods installation.\" >&2\n    exit 1\nfi\n# This output is used by Xcode 'outputs' to avoid re-running this script phase.\necho \"SUCCESS\" > \"${SCRIPT_OUTPUT_FILE_0}\"\n";
			showEnvVarsInLog = 0;
		};
/* End PBXShellScriptBuildPhase section */

/* Begin PBXSourcesBuildPhase section */
		42AD08B024DC3B620054494E /* Sources */ = {
			isa = PBXSourcesBuildPhase;
			buildActionMask = 2147483647;
			files = (
				4263242524E315370003B223 /* AddPlaceViewController.swift in Sources */,
				42AD08CC24DC51730054494E /* MainViewController.swift in Sources */,
				42C18D6A24FAC69C00D10290 /* MapViewController.swift in Sources */,
				4263242324E2FE420003B223 /* PlaceModel.swift in Sources */,
				423D266524EEC040003F2BBE /* RatingControl.swift in Sources */,
				42B411742504036B009A8A91 /* SceneDelegate.swift in Sources */,
				42AD08CE24DD37750054494E /* MainTableViewCell.swift in Sources */,
				42B3EFE42501039600087A69 /* BaseHelper.swift in Sources */,
				42B41171250401CF009A8A91 /* AppDelegate.swift in Sources */,
				4251F60524E5846700B94CB8 /* StorageManager.swift in Sources */,
			);
			runOnlyForDeploymentPostprocessing = 0;
		};
/* End PBXSourcesBuildPhase section */

/* Begin PBXVariantGroup section */
		42AD08BD24DC3B630054494E /* Main.storyboard */ = {
			isa = PBXVariantGroup;
			children = (
				42AD08BE24DC3B630054494E /* Base */,
			);
			name = Main.storyboard;
			sourceTree = "<group>";
		};
		42AD08C224DC3B640054494E /* LaunchScreen.storyboard */ = {
			isa = PBXVariantGroup;
			children = (
				42AD08C324DC3B640054494E /* Base */,
			);
			name = LaunchScreen.storyboard;
			sourceTree = "<group>";
		};
/* End PBXVariantGroup section */

/* Begin XCBuildConfiguration section */
		42AD08C624DC3B640054494E /* Debug */ = {
			isa = XCBuildConfiguration;
			buildSettings = {
				ALWAYS_SEARCH_USER_PATHS = NO;
				CLANG_ANALYZER_NONNULL = YES;
				CLANG_ANALYZER_NUMBER_OBJECT_CONVERSION = YES_AGGRESSIVE;
				CLANG_CXX_LANGUAGE_STANDARD = "gnu++14";
				CLANG_CXX_LIBRARY = "libc++";
				CLANG_ENABLE_MODULES = YES;
				CLANG_ENABLE_OBJC_ARC = YES;
				CLANG_ENABLE_OBJC_WEAK = YES;
				CLANG_WARN_BLOCK_CAPTURE_AUTORELEASING = YES;
				CLANG_WARN_BOOL_CONVERSION = YES;
				CLANG_WARN_COMMA = YES;
				CLANG_WARN_CONSTANT_CONVERSION = YES;
				CLANG_WARN_DEPRECATED_OBJC_IMPLEMENTATIONS = YES;
				CLANG_WARN_DIRECT_OBJC_ISA_USAGE = YES_ERROR;
				CLANG_WARN_DOCUMENTATION_COMMENTS = YES;
				CLANG_WARN_EMPTY_BODY = YES;
				CLANG_WARN_ENUM_CONVERSION = YES;
				CLANG_WARN_INFINITE_RECURSION = YES;
				CLANG_WARN_INT_CONVERSION = YES;
				CLANG_WARN_NON_LITERAL_NULL_CONVERSION = YES;
				CLANG_WARN_OBJC_IMPLICIT_RETAIN_SELF = YES;
				CLANG_WARN_OBJC_LITERAL_CONVERSION = YES;
				CLANG_WARN_OBJC_ROOT_CLASS = YES_ERROR;
				CLANG_WARN_RANGE_LOOP_ANALYSIS = YES;
				CLANG_WARN_STRICT_PROTOTYPES = YES;
				CLANG_WARN_SUSPICIOUS_MOVE = YES;
				CLANG_WARN_UNGUARDED_AVAILABILITY = YES_AGGRESSIVE;
				CLANG_WARN_UNREACHABLE_CODE = YES;
				CLANG_WARN__DUPLICATE_METHOD_MATCH = YES;
				COPY_PHASE_STRIP = NO;
				DEBUG_INFORMATION_FORMAT = dwarf;
				ENABLE_STRICT_OBJC_MSGSEND = YES;
				ENABLE_TESTABILITY = YES;
				GCC_C_LANGUAGE_STANDARD = gnu11;
				GCC_DYNAMIC_NO_PIC = NO;
				GCC_NO_COMMON_BLOCKS = YES;
				GCC_OPTIMIZATION_LEVEL = 0;
				GCC_PREPROCESSOR_DEFINITIONS = (
					"DEBUG=1",
					"$(inherited)",
				);
				GCC_WARN_64_TO_32_BIT_CONVERSION = YES;
				GCC_WARN_ABOUT_RETURN_TYPE = YES_ERROR;
				GCC_WARN_UNDECLARED_SELECTOR = YES;
				GCC_WARN_UNINITIALIZED_AUTOS = YES_AGGRESSIVE;
				GCC_WARN_UNUSED_FUNCTION = YES;
				GCC_WARN_UNUSED_VARIABLE = YES;
				IPHONEOS_DEPLOYMENT_TARGET = 11.0;
				MTL_ENABLE_DEBUG_INFO = INCLUDE_SOURCE;
				MTL_FAST_MATH = YES;
				ONLY_ACTIVE_ARCH = YES;
				SDKROOT = iphoneos;
				SWIFT_ACTIVE_COMPILATION_CONDITIONS = DEBUG;
				SWIFT_OPTIMIZATION_LEVEL = "-Onone";
			};
			name = Debug;
		};
		42AD08C724DC3B640054494E /* Release */ = {
			isa = XCBuildConfiguration;
			buildSettings = {
				ALWAYS_SEARCH_USER_PATHS = NO;
				CLANG_ANALYZER_NONNULL = YES;
				CLANG_ANALYZER_NUMBER_OBJECT_CONVERSION = YES_AGGRESSIVE;
				CLANG_CXX_LANGUAGE_STANDARD = "gnu++14";
				CLANG_CXX_LIBRARY = "libc++";
				CLANG_ENABLE_MODULES = YES;
				CLANG_ENABLE_OBJC_ARC = YES;
				CLANG_ENABLE_OBJC_WEAK = YES;
				CLANG_WARN_BLOCK_CAPTURE_AUTORELEASING = YES;
				CLANG_WARN_BOOL_CONVERSION = YES;
				CLANG_WARN_COMMA = YES;
				CLANG_WARN_CONSTANT_CONVERSION = YES;
				CLANG_WARN_DEPRECATED_OBJC_IMPLEMENTATIONS = YES;
				CLANG_WARN_DIRECT_OBJC_ISA_USAGE = YES_ERROR;
				CLANG_WARN_DOCUMENTATION_COMMENTS = YES;
				CLANG_WARN_EMPTY_BODY = YES;
				CLANG_WARN_ENUM_CONVERSION = YES;
				CLANG_WARN_INFINITE_RECURSION = YES;
				CLANG_WARN_INT_CONVERSION = YES;
				CLANG_WARN_NON_LITERAL_NULL_CONVERSION = YES;
				CLANG_WARN_OBJC_IMPLICIT_RETAIN_SELF = YES;
				CLANG_WARN_OBJC_LITERAL_CONVERSION = YES;
				CLANG_WARN_OBJC_ROOT_CLASS = YES_ERROR;
				CLANG_WARN_RANGE_LOOP_ANALYSIS = YES;
				CLANG_WARN_STRICT_PROTOTYPES = YES;
				CLANG_WARN_SUSPICIOUS_MOVE = YES;
				CLANG_WARN_UNGUARDED_AVAILABILITY = YES_AGGRESSIVE;
				CLANG_WARN_UNREACHABLE_CODE = YES;
				CLANG_WARN__DUPLICATE_METHOD_MATCH = YES;
				COPY_PHASE_STRIP = NO;
				DEBUG_INFORMATION_FORMAT = "dwarf-with-dsym";
				ENABLE_NS_ASSERTIONS = NO;
				ENABLE_STRICT_OBJC_MSGSEND = YES;
				GCC_C_LANGUAGE_STANDARD = gnu11;
				GCC_NO_COMMON_BLOCKS = YES;
				GCC_WARN_64_TO_32_BIT_CONVERSION = YES;
				GCC_WARN_ABOUT_RETURN_TYPE = YES_ERROR;
				GCC_WARN_UNDECLARED_SELECTOR = YES;
				GCC_WARN_UNINITIALIZED_AUTOS = YES_AGGRESSIVE;
				GCC_WARN_UNUSED_FUNCTION = YES;
				GCC_WARN_UNUSED_VARIABLE = YES;
				IPHONEOS_DEPLOYMENT_TARGET = 11.0;
				MTL_ENABLE_DEBUG_INFO = NO;
				MTL_FAST_MATH = YES;
				SDKROOT = iphoneos;
				SWIFT_COMPILATION_MODE = wholemodule;
				SWIFT_OPTIMIZATION_LEVEL = "-O";
				VALIDATE_PRODUCT = YES;
			};
			name = Release;
		};
		42AD08C924DC3B640054494E /* Debug */ = {
			isa = XCBuildConfiguration;
			baseConfigurationReference = 102F87A66C4C7EEF612C9BB2 /* Pods-FavouritePlaces.debug.xcconfig */;
			buildSettings = {
				ASSETCATALOG_COMPILER_APPICON_NAME = AppIcon;
				CODE_SIGN_STYLE = Automatic;
				DEVELOPMENT_TEAM = M9U82X9XHA;
				INFOPLIST_FILE = FavouritePlaces/Info.plist;
				IPHONEOS_DEPLOYMENT_TARGET = 11.0;
				LD_RUNPATH_SEARCH_PATHS = (
					"$(inherited)",
					"@executable_path/Frameworks",
				);
				PRODUCT_BUNDLE_IDENTIFIER = com.KostarevKirillPavlovich.FavouritePlaces;
				PRODUCT_NAME = "$(TARGET_NAME)";
				SWIFT_VERSION = 5.0;
				TARGETED_DEVICE_FAMILY = "1,2";
			};
			name = Debug;
		};
		42AD08CA24DC3B640054494E /* Release */ = {
			isa = XCBuildConfiguration;
			baseConfigurationReference = E2541285A2F20E848AE785A7 /* Pods-FavouritePlaces.release.xcconfig */;
			buildSettings = {
				ASSETCATALOG_COMPILER_APPICON_NAME = AppIcon;
				CODE_SIGN_STYLE = Automatic;
				DEVELOPMENT_TEAM = M9U82X9XHA;
				INFOPLIST_FILE = FavouritePlaces/Info.plist;
				IPHONEOS_DEPLOYMENT_TARGET = 11.0;
				LD_RUNPATH_SEARCH_PATHS = (
					"$(inherited)",
					"@executable_path/Frameworks",
				);
				PRODUCT_BUNDLE_IDENTIFIER = com.KostarevKirillPavlovich.FavouritePlaces;
				PRODUCT_NAME = "$(TARGET_NAME)";
				SWIFT_VERSION = 5.0;
				TARGETED_DEVICE_FAMILY = "1,2";
			};
			name = Release;
		};
/* End XCBuildConfiguration section */

/* Begin XCConfigurationList section */
		42AD08AF24DC3B620054494E /* Build configuration list for PBXProject "FavouritePlaces" */ = {
			isa = XCConfigurationList;
			buildConfigurations = (
				42AD08C624DC3B640054494E /* Debug */,
				42AD08C724DC3B640054494E /* Release */,
			);
			defaultConfigurationIsVisible = 0;
			defaultConfigurationName = Release;
		};
		42AD08C824DC3B640054494E /* Build configuration list for PBXNativeTarget "FavouritePlaces" */ = {
			isa = XCConfigurationList;
			buildConfigurations = (
				42AD08C924DC3B640054494E /* Debug */,
				42AD08CA24DC3B640054494E /* Release */,
			);
			defaultConfigurationIsVisible = 0;
			defaultConfigurationName = Release;
		};
/* End XCConfigurationList section */
	};
	rootObject = 42AD08AC24DC3B620054494E /* Project object */;
}
