<?xml version="1.0" encoding="UTF-8"?>
<Scheme
   version = "1.3">
   <BuildAction>
      <BuildActionEntries>
         <BuildActionEntry
            buildForRunning = "YES">
            <BuildableReference
               BuildableIdentifier = "primary"
               BlueprintIdentifier = "42AD08B324DC3B620054494E"
               BuildableName = "FavouritePlaces.app"
               BlueprintName = "FavouritePlaces"
               ReferencedContainer = "container:FavouritePlaces.xcodeproj">
            </BuildableReference>
         </BuildActionEntry>
      </BuildActionEntries>
   </BuildAction>
   <LaunchAction
      useCustomWorkingDirectory = "NO"
      buildConfiguration = "Debug"
      allowLocationSimulation = "YES">
      <BuildableProductRunnable>
         <BuildableReference
            BuildableIdentifier = "primary"
            BlueprintIdentifier = "42AD08B324DC3B620054494E"
            BuildableName = "FavouritePlaces.app"
            BlueprintName = "FavouritePlaces"
            ReferencedContainer = "container:FavouritePlaces.xcodeproj">
         </BuildableReference>
      </BuildableProductRunnable>
   </LaunchAction>
</Scheme>
